
Microsoft Visual Studio Solution File, Format Version 12.00
# Visual Studio 15
VisualStudioVersion = 15.0.28307.572
MinimumVisualStudioVersion = 10.0.40219.1
Project("{FAE04EC0-301F-11D3-BF4B-00C04F79EFBC}") = "Gingerbrich_backend", "Gingerbrich_backend\Gingerbrich_backend.csproj", "{7C45236F-E542-43E5-883B-A040E285B77B}"
EndProject
Global
	GlobalSection(SolutionConfigurationPlatforms) = preSolution
		Debug|Any CPU = Debug|Any CPU
		Release|Any CPU = Release|Any CPU
	EndGlobalSection
	GlobalSection(ProjectConfigurationPlatforms) = postSolution
		{7C45236F-E542-43E5-883B-A040E285B77B}.Debug|Any CPU.ActiveCfg = Debug|Any CPU
		{7C45236F-E542-43E5-883B-A040E285B77B}.Debug|Any CPU.Build.0 = Debug|Any CPU
		{7C45236F-E542-43E5-883B-A040E285B77B}.Release|Any CPU.ActiveCfg = Release|Any CPU
		{7C45236F-E542-43E5-883B-A040E285B77B}.Release|Any CPU.Build.0 = Release|Any CPU
	EndGlobalSection
	GlobalSection(SolutionProperties) = preSolution
		HideSolutionNode = FALSE
	EndGlobalSection
	GlobalSection(ExtensibilityGlobals) = postSolution
		SolutionGuid = {98E3E160-BEC1-499D-BD3B-EEDB9699C2FA}
	EndGlobalSection
EndGlobal
